// !$*UTF8*$!
{
	archiveVersion = 1;
	classes = {
	};
	objectVersion = 48;
	objects = {

/* Begin PBXBuildFile section */
		4A01115020A37BA20071667A /* GradientView.swift in Sources */ = {isa = PBXBuildFile; fileRef = 4A01114F20A37BA20071667A /* GradientView.swift */; };
		4A7B848C20A22B680078C8B5 /* SWRevealViewController.m in Sources */ = {isa = PBXBuildFile; fileRef = 4A7B848B20A22B680078C8B5 /* SWRevealViewController.m */; };
		4A7B849220A25F5D0078C8B5 /* ChatVC.swift in Sources */ = {isa = PBXBuildFile; fileRef = 4A7B849120A25F5D0078C8B5 /* ChatVC.swift */; };
		4A7B849420A25F6C0078C8B5 /* ChannelVC.swift in Sources */ = {isa = PBXBuildFile; fileRef = 4A7B849320A25F6C0078C8B5 /* ChannelVC.swift */; };
		4AC91E2C209E985D00A50893 /* AppDelegate.swift in Sources */ = {isa = PBXBuildFile; fileRef = 4AC91E2B209E985D00A50893 /* AppDelegate.swift */; };
		4AC91E31209E985D00A50893 /* Main.storyboard in Resources */ = {isa = PBXBuildFile; fileRef = 4AC91E2F209E985D00A50893 /* Main.storyboard */; };
		4AC91E33209E985D00A50893 /* Assets.xcassets in Resources */ = {isa = PBXBuildFile; fileRef = 4AC91E32209E985D00A50893 /* Assets.xcassets */; };
		4AC91E36209E985D00A50893 /* LaunchScreen.storyboard in Resources */ = {isa = PBXBuildFile; fileRef = 4AC91E34209E985D00A50893 /* LaunchScreen.storyboard */; };
		A4D71BC4F587EDE4EB883203 /* Pods_EyYo.framework in Frameworks */ = {isa = PBXBuildFile; fileRef = 27FE0309528F3066BCCDC679 /* Pods_EyYo.framework */; };
/* End PBXBuildFile section */

/* Begin PBXFileReference section */
		0BA3325A81480734929D3ACE /* Pods-EyYo.release.xcconfig */ = {isa = PBXFileReference; includeInIndex = 1; lastKnownFileType = text.xcconfig; name = "Pods-EyYo.release.xcconfig"; path = "Pods/Target Support Files/Pods-EyYo/Pods-EyYo.release.xcconfig"; sourceTree = "<group>"; };
		27FE0309528F3066BCCDC679 /* Pods_EyYo.framework */ = {isa = PBXFileReference; explicitFileType = wrapper.framework; includeInIndex = 0; path = Pods_EyYo.framework; sourceTree = BUILT_PRODUCTS_DIR; };
		4A01114F20A37BA20071667A /* GradientView.swift */ = {isa = PBXFileReference; lastKnownFileType = sourcecode.swift; path = GradientView.swift; sourceTree = "<group>"; };
		4A7B848920A22B680078C8B5 /* EyYo-Bridging-Header.h */ = {isa = PBXFileReference; lastKnownFileType = sourcecode.c.h; path = "EyYo-Bridging-Header.h"; sourceTree = "<group>"; };
		4A7B848A20A22B680078C8B5 /* SWRevealViewController.h */ = {isa = PBXFileReference; fileEncoding = 4; lastKnownFileType = sourcecode.c.h; path = SWRevealViewController.h; sourceTree = "<group>"; };
		4A7B848B20A22B680078C8B5 /* SWRevealViewController.m */ = {isa = PBXFileReference; fileEncoding = 4; lastKnownFileType = sourcecode.c.objc; path = SWRevealViewController.m; sourceTree = "<group>"; };
		4A7B849120A25F5D0078C8B5 /* ChatVC.swift */ = {isa = PBXFileReference; lastKnownFileType = sourcecode.swift; path = ChatVC.swift; sourceTree = "<group>"; };
		4A7B849320A25F6C0078C8B5 /* ChannelVC.swift */ = {isa = PBXFileReference; lastKnownFileType = sourcecode.swift; path = ChannelVC.swift; sourceTree = "<group>"; };
		4AC91E28209E985D00A50893 /* EyYo.app */ = {isa = PBXFileReference; explicitFileType = wrapper.application; includeInIndex = 0; path = EyYo.app; sourceTree = BUILT_PRODUCTS_DIR; };
		4AC91E2B209E985D00A50893 /* AppDelegate.swift */ = {isa = PBXFileReference; lastKnownFileType = sourcecode.swift; path = AppDelegate.swift; sourceTree = "<group>"; };
		4AC91E30209E985D00A50893 /* Base */ = {isa = PBXFileReference; lastKnownFileType = file.storyboard; name = Base; path = Base.lproj/Main.storyboard; sourceTree = "<group>"; };
		4AC91E32209E985D00A50893 /* Assets.xcassets */ = {isa = PBXFileReference; lastKnownFileType = folder.assetcatalog; path = Assets.xcassets; sourceTree = "<group>"; };
		4AC91E35209E985D00A50893 /* Base */ = {isa = PBXFileReference; lastKnownFileType = file.storyboard; name = Base; path = Base.lproj/LaunchScreen.storyboard; sourceTree = "<group>"; };
		4AC91E37209E985D00A50893 /* Info.plist */ = {isa = PBXFileReference; lastKnownFileType = text.plist.xml; path = Info.plist; sourceTree = "<group>"; };
		94FD892295A40392C00AAF51 /* Pods-EyYo.debug.xcconfig */ = {isa = PBXFileReference; includeInIndex = 1; lastKnownFileType = text.xcconfig; name = "Pods-EyYo.debug.xcconfig"; path = "Pods/Target Support Files/Pods-EyYo/Pods-EyYo.debug.xcconfig"; sourceTree = "<group>"; };
/* End PBXFileReference section */

/* Begin PBXFrameworksBuildPhase section */
		4AC91E25209E985D00A50893 /* Frameworks */ = {
			isa = PBXFrameworksBuildPhase;
			buildActionMask = 2147483647;
			files = (
				A4D71BC4F587EDE4EB883203 /* Pods_EyYo.framework in Frameworks */,
			);
			runOnlyForDeploymentPostprocessing = 0;
		};
/* End PBXFrameworksBuildPhase section */

/* Begin PBXGroup section */
		4A7B848820A22B220078C8B5 /* Supporting Files */ = {
			isa = PBXGroup;
			children = (
				4A7B848A20A22B680078C8B5 /* SWRevealViewController.h */,
				4A7B848B20A22B680078C8B5 /* SWRevealViewController.m */,
				4A7B848920A22B680078C8B5 /* EyYo-Bridging-Header.h */,
			);
			path = "Supporting Files";
			sourceTree = "<group>";
		};
		4A7B848E20A25F340078C8B5 /* Controllers */ = {
			isa = PBXGroup;
			children = (
				4A7B849120A25F5D0078C8B5 /* ChatVC.swift */,
				4A7B849320A25F6C0078C8B5 /* ChannelVC.swift */,
			);
			path = Controllers;
			sourceTree = "<group>";
		};
		4A7B848F20A25F3A0078C8B5 /* Views */ = {
			isa = PBXGroup;
			children = (
				4A01114F20A37BA20071667A /* GradientView.swift */,
			);
			path = Views;
			sourceTree = "<group>";
		};
		4A7B849020A25F440078C8B5 /* Models */ = {
			isa = PBXGroup;
			children = (
			);
			path = Models;
			sourceTree = "<group>";
		};
		4AC91E1F209E985D00A50893 = {
			isa = PBXGroup;
			children = (
				4AC91E2A209E985D00A50893 /* EyYo */,
				4AC91E29209E985D00A50893 /* Products */,
				F9A9E5C42D2B3F30F50D96A2 /* Pods */,
				E390C81F08C5079FDFEA308D /* Frameworks */,
			);
			sourceTree = "<group>";
		};
		4AC91E29209E985D00A50893 /* Products */ = {
			isa = PBXGroup;
			children = (
				4AC91E28209E985D00A50893 /* EyYo.app */,
			);
			name = Products;
			sourceTree = "<group>";
		};
		4AC91E2A209E985D00A50893 /* EyYo */ = {
			isa = PBXGroup;
			children = (
				4A7B849020A25F440078C8B5 /* Models */,
				4A7B848F20A25F3A0078C8B5 /* Views */,
				4A7B848E20A25F340078C8B5 /* Controllers */,
				4A7B848820A22B220078C8B5 /* Supporting Files */,
				4AC91E2B209E985D00A50893 /* AppDelegate.swift */,
				4AC91E2F209E985D00A50893 /* Main.storyboard */,
				4AC91E32209E985D00A50893 /* Assets.xcassets */,
				4AC91E34209E985D00A50893 /* LaunchScreen.storyboard */,
				4AC91E37209E985D00A50893 /* Info.plist */,
			);
			path = EyYo;
			sourceTree = "<group>";
		};
		E390C81F08C5079FDFEA308D /* Frameworks */ = {
			isa = PBXGroup;
			children = (
				27FE0309528F3066BCCDC679 /* Pods_EyYo.framework */,
			);
			name = Frameworks;
			sourceTree = "<group>";
		};
		F9A9E5C42D2B3F30F50D96A2 /* Pods */ = {
			isa = PBXGroup;
			children = (
				94FD892295A40392C00AAF51 /* Pods-EyYo.debug.xcconfig */,
				0BA3325A81480734929D3ACE /* Pods-EyYo.release.xcconfig */,
			);
			name = Pods;
			sourceTree = "<group>";
		};
/* End PBXGroup section */

/* Begin PBXNativeTarget section */
		4AC91E27209E985D00A50893 /* EyYo */ = {
			isa = PBXNativeTarget;
			buildConfigurationList = 4AC91E3A209E985D00A50893 /* Build configuration list for PBXNativeTarget "EyYo" */;
			buildPhases = (
				5221F41A810C845285F219B6 /* [CP] Check Pods Manifest.lock */,
				4AC91E24209E985D00A50893 /* Sources */,
				4AC91E25209E985D00A50893 /* Frameworks */,
				4AC91E26209E985D00A50893 /* Resources */,
				DC798048110434E2D5FA84EC /* [CP] Embed Pods Frameworks */,
				ABA71ECA6C086BDB581FBBC4 /* [CP] Copy Pods Resources */,
			);
			buildRules = (
			);
			dependencies = (
			);
			name = EyYo;
			productName = EyYo;
			productReference = 4AC91E28209E985D00A50893 /* EyYo.app */;
			productType = "com.apple.product-type.application";
		};
/* End PBXNativeTarget section */

/* Begin PBXProject section */
		4AC91E20209E985D00A50893 /* Project object */ = {
			isa = PBXProject;
			attributes = {
				LastSwiftUpdateCheck = 0930;
				LastUpgradeCheck = 0930;
				ORGANIZATIONNAME = "Stephen Reyes";
				TargetAttributes = {
					4AC91E27209E985D00A50893 = {
						CreatedOnToolsVersion = 9.3;
						LastSwiftMigration = 0930;
						ProvisioningStyle = Automatic;
					};
				};
			};
			buildConfigurationList = 4AC91E23209E985D00A50893 /* Build configuration list for PBXProject "EyYo" */;
			compatibilityVersion = "Xcode 8.0";
			developmentRegion = en;
			hasScannedForEncodings = 0;
			knownRegions = (
				en,
				Base,
			);
			mainGroup = 4AC91E1F209E985D00A50893;
			productRefGroup = 4AC91E29209E985D00A50893 /* Products */;
			projectDirPath = "";
			projectRoot = "";
			targets = (
				4AC91E27209E985D00A50893 /* EyYo */,
			);
		};
/* End PBXProject section */

/* Begin PBXResourcesBuildPhase section */
		4AC91E26209E985D00A50893 /* Resources */ = {
			isa = PBXResourcesBuildPhase;
			buildActionMask = 2147483647;
			files = (
				4AC91E36209E985D00A50893 /* LaunchScreen.storyboard in Resources */,
				4AC91E33209E985D00A50893 /* Assets.xcassets in Resources */,
				4AC91E31209E985D00A50893 /* Main.storyboard in Resources */,
			);
			runOnlyForDeploymentPostprocessing = 0;
		};
/* End PBXResourcesBuildPhase section */

/* Begin PBXShellScriptBuildPhase section */
		5221F41A810C845285F219B6 /* [CP] Check Pods Manifest.lock */ = {
			isa = PBXShellScriptBuildPhase;
			buildActionMask = 2147483647;
			files = (
			);
			inputPaths = (
				"${PODS_PODFILE_DIR_PATH}/Podfile.lock",
				"${PODS_ROOT}/Manifest.lock",
			);
			name = "[CP] Check Pods Manifest.lock";
			outputPaths = (
				"$(DERIVED_FILE_DIR)/Pods-EyYo-checkManifestLockResult.txt",
			);
			runOnlyForDeploymentPostprocessing = 0;
			shellPath = /bin/sh;
			shellScript = "diff \"${PODS_PODFILE_DIR_PATH}/Podfile.lock\" \"${PODS_ROOT}/Manifest.lock\" > /dev/null\nif [ $? != 0 ] ; then\n    # print error to STDERR\n    echo \"error: The sandbox is not in sync with the Podfile.lock. Run 'pod install' or update your CocoaPods installation.\" >&2\n    exit 1\nfi\n# This output is used by Xcode 'outputs' to avoid re-running this script phase.\necho \"SUCCESS\" > \"${SCRIPT_OUTPUT_FILE_0}\"\n";
			showEnvVarsInLog = 0;
		};
		ABA71ECA6C086BDB581FBBC4 /* [CP] Copy Pods Resources */ = {
			isa = PBXShellScriptBuildPhase;
			buildActionMask = 2147483647;
			files = (
			);
			inputPaths = (
			);
			name = "[CP] Copy Pods Resources";
			outputPaths = (
			);
			runOnlyForDeploymentPostprocessing = 0;
			shellPath = /bin/sh;
			shellScript = "\"${SRCROOT}/Pods/Target Support Files/Pods-EyYo/Pods-EyYo-resources.sh\"\n";
			showEnvVarsInLog = 0;
		};
		DC798048110434E2D5FA84EC /* [CP] Embed Pods Frameworks */ = {
			isa = PBXShellScriptBuildPhase;
			buildActionMask = 2147483647;
			files = (
			);
			inputPaths = (
				"${SRCROOT}/Pods/Target Support Files/Pods-EyYo/Pods-EyYo-frameworks.sh",
				"${BUILT_PRODUCTS_DIR}/Alamofire/Alamofire.framework",
				"${BUILT_PRODUCTS_DIR}/Socket.IO-Client-Swift/SocketIO.framework",
				"${BUILT_PRODUCTS_DIR}/Starscream/Starscream.framework",
				"${BUILT_PRODUCTS_DIR}/SwiftyJSON/SwiftyJSON.framework",
			);
			name = "[CP] Embed Pods Frameworks";
			outputPaths = (
				"${TARGET_BUILD_DIR}/${FRAMEWORKS_FOLDER_PATH}/Alamofire.framework",
				"${TARGET_BUILD_DIR}/${FRAMEWORKS_FOLDER_PATH}/SocketIO.framework",
				"${TARGET_BUILD_DIR}/${FRAMEWORKS_FOLDER_PATH}/Starscream.framework",
				"${TARGET_BUILD_DIR}/${FRAMEWORKS_FOLDER_PATH}/SwiftyJSON.framework",
			);
			runOnlyForDeploymentPostprocessing = 0;
			shellPath = /bin/sh;
			shellScript = "\"${SRCROOT}/Pods/Target Support Files/Pods-EyYo/Pods-EyYo-frameworks.sh\"\n";
			showEnvVarsInLog = 0;
		};
/* End PBXShellScriptBuildPhase section */

/* Begin PBXSourcesBuildPhase section */
		4AC91E24209E985D00A50893 /* Sources */ = {
			isa = PBXSourcesBuildPhase;
			buildActionMask = 2147483647;
			files = (
				4A7B849420A25F6C0078C8B5 /* ChannelVC.swift in Sources */,
				4A7B849220A25F5D0078C8B5 /* ChatVC.swift in Sources */,
				4A01115020A37BA20071667A /* GradientView.swift in Sources */,
				4AC91E2C209E985D00A50893 /* AppDelegate.swift in Sources */,
				4A7B848C20A22B680078C8B5 /* SWRevealViewController.m in Sources */,
			);
			runOnlyForDeploymentPostprocessing = 0;
		};
/* End PBXSourcesBuildPhase section */

/* Begin PBXVariantGroup section */
		4AC91E2F209E985D00A50893 /* Main.storyboard */ = {
			isa = PBXVariantGroup;
			children = (
				4AC91E30209E985D00A50893 /* Base */,
			);
			name = Main.storyboard;
			sourceTree = "<group>";
		};
		4AC91E34209E985D00A50893 /* LaunchScreen.storyboard */ = {
			isa = PBXVariantGroup;
			children = (
				4AC91E35209E985D00A50893 /* Base */,
			);
			name = LaunchScreen.storyboard;
			sourceTree = "<group>";
		};
/* End PBXVariantGroup section */

/* Begin XCBuildConfiguration section */
		4AC91E38209E985D00A50893 /* Debug */ = {
			isa = XCBuildConfiguration;
			buildSettings = {
				ALWAYS_SEARCH_USER_PATHS = NO;
				CLANG_ANALYZER_NONNULL = YES;
				CLANG_ANALYZER_NUMBER_OBJECT_CONVERSION = YES_AGGRESSIVE;
				CLANG_CXX_LANGUAGE_STANDARD = "gnu++14";
				CLANG_CXX_LIBRARY = "libc++";
				CLANG_ENABLE_MODULES = YES;
				CLANG_ENABLE_OBJC_ARC = YES;
				CLANG_ENABLE_OBJC_WEAK = YES;
				CLANG_WARN_BLOCK_CAPTURE_AUTORELEASING = YES;
				CLANG_WARN_BOOL_CONVERSION = YES;
				CLANG_WARN_COMMA = YES;
				CLANG_WARN_CONSTANT_CONVERSION = YES;
				CLANG_WARN_DEPRECATED_OBJC_IMPLEMENTATIONS = YES;
				CLANG_WARN_DIRECT_OBJC_ISA_USAGE = YES_ERROR;
				CLANG_WARN_DOCUMENTATION_COMMENTS = YES;
				CLANG_WARN_EMPTY_BODY = YES;
				CLANG_WARN_ENUM_CONVERSION = YES;
				CLANG_WARN_INFINITE_RECURSION = YES;
				CLANG_WARN_INT_CONVERSION = YES;
				CLANG_WARN_NON_LITERAL_NULL_CONVERSION = YES;
				CLANG_WARN_OBJC_IMPLICIT_RETAIN_SELF = YES;
				CLANG_WARN_OBJC_LITERAL_CONVERSION = YES;
				CLANG_WARN_OBJC_ROOT_CLASS = YES_ERROR;
				CLANG_WARN_RANGE_LOOP_ANALYSIS = YES;
				CLANG_WARN_STRICT_PROTOTYPES = YES;
				CLANG_WARN_SUSPICIOUS_MOVE = YES;
				CLANG_WARN_UNGUARDED_AVAILABILITY = YES_AGGRESSIVE;
				CLANG_WARN_UNREACHABLE_CODE = YES;
				CLANG_WARN__DUPLICATE_METHOD_MATCH = YES;
				CODE_SIGN_IDENTITY = "iPhone Developer";
				COPY_PHASE_STRIP = NO;
				DEBUG_INFORMATION_FORMAT = dwarf;
				ENABLE_STRICT_OBJC_MSGSEND = YES;
				ENABLE_TESTABILITY = YES;
				GCC_C_LANGUAGE_STANDARD = gnu11;
				GCC_DYNAMIC_NO_PIC = NO;
				GCC_NO_COMMON_BLOCKS = YES;
				GCC_OPTIMIZATION_LEVEL = 0;
				GCC_PREPROCESSOR_DEFINITIONS = (
					"DEBUG=1",
					"$(inherited)",
				);
				GCC_WARN_64_TO_32_BIT_CONVERSION = YES;
				GCC_WARN_ABOUT_RETURN_TYPE = YES_ERROR;
				GCC_WARN_UNDECLARED_SELECTOR = YES;
				GCC_WARN_UNINITIALIZED_AUTOS = YES_AGGRESSIVE;
				GCC_WARN_UNUSED_FUNCTION = YES;
				GCC_WARN_UNUSED_VARIABLE = YES;
				IPHONEOS_DEPLOYMENT_TARGET = 11.3;
				MTL_ENABLE_DEBUG_INFO = YES;
				ONLY_ACTIVE_ARCH = YES;
				SDKROOT = iphoneos;
				SWIFT_ACTIVE_COMPILATION_CONDITIONS = DEBUG;
				SWIFT_OPTIMIZATION_LEVEL = "-Onone";
			};
			name = Debug;
		};
		4AC91E39209E985D00A50893 /* Release */ = {
			isa = XCBuildConfiguration;
			buildSettings = {
				ALWAYS_SEARCH_USER_PATHS = NO;
				CLANG_ANALYZER_NONNULL = YES;
				CLANG_ANALYZER_NUMBER_OBJECT_CONVERSION = YES_AGGRESSIVE;
				CLANG_CXX_LANGUAGE_STANDARD = "gnu++14";
				CLANG_CXX_LIBRARY = "libc++";
				CLANG_ENABLE_MODULES = YES;
				CLANG_ENABLE_OBJC_ARC = YES;
				CLANG_ENABLE_OBJC_WEAK = YES;
				CLANG_WARN_BLOCK_CAPTURE_AUTORELEASING = YES;
				CLANG_WARN_BOOL_CONVERSION = YES;
				CLANG_WARN_COMMA = YES;
				CLANG_WARN_CONSTANT_CONVERSION = YES;
				CLANG_WARN_DEPRECATED_OBJC_IMPLEMENTATIONS = YES;
				CLANG_WARN_DIRECT_OBJC_ISA_USAGE = YES_ERROR;
				CLANG_WARN_DOCUMENTATION_COMMENTS = YES;
				CLANG_WARN_EMPTY_BODY = YES;
				CLANG_WARN_ENUM_CONVERSION = YES;
				CLANG_WARN_INFINITE_RECURSION = YES;
				CLANG_WARN_INT_CONVERSION = YES;
				CLANG_WARN_NON_LITERAL_NULL_CONVERSION = YES;
				CLANG_WARN_OBJC_IMPLICIT_RETAIN_SELF = YES;
				CLANG_WARN_OBJC_LITERAL_CONVERSION = YES;
				CLANG_WARN_OBJC_ROOT_CLASS = YES_ERROR;
				CLANG_WARN_RANGE_LOOP_ANALYSIS = YES;
				CLANG_WARN_STRICT_PROTOTYPES = YES;
				CLANG_WARN_SUSPICIOUS_MOVE = YES;
				CLANG_WARN_UNGUARDED_AVAILABILITY = YES_AGGRESSIVE;
				CLANG_WARN_UNREACHABLE_CODE = YES;
				CLANG_WARN__DUPLICATE_METHOD_MATCH = YES;
				CODE_SIGN_IDENTITY = "iPhone Developer";
				COPY_PHASE_STRIP = NO;
				DEBUG_INFORMATION_FORMAT = "dwarf-with-dsym";
				ENABLE_NS_ASSERTIONS = NO;
				ENABLE_STRICT_OBJC_MSGSEND = YES;
				GCC_C_LANGUAGE_STANDARD = gnu11;
				GCC_NO_COMMON_BLOCKS = YES;
				GCC_WARN_64_TO_32_BIT_CONVERSION = YES;
				GCC_WARN_ABOUT_RETURN_TYPE = YES_ERROR;
				GCC_WARN_UNDECLARED_SELECTOR = YES;
				GCC_WARN_UNINITIALIZED_AUTOS = YES_AGGRESSIVE;
				GCC_WARN_UNUSED_FUNCTION = YES;
				GCC_WARN_UNUSED_VARIABLE = YES;
				IPHONEOS_DEPLOYMENT_TARGET = 11.3;
				MTL_ENABLE_DEBUG_INFO = NO;
				SDKROOT = iphoneos;
				SWIFT_OPTIMIZATION_LEVEL = "-Owholemodule";
				VALIDATE_PRODUCT = YES;
			};
			name = Release;
		};
		4AC91E3B209E985D00A50893 /* Debug */ = {
			isa = XCBuildConfiguration;
			baseConfigurationReference = 94FD892295A40392C00AAF51 /* Pods-EyYo.debug.xcconfig */;
			buildSettings = {
				ASSETCATALOG_COMPILER_APPICON_NAME = AppIcon;
				CLANG_ENABLE_MODULES = YES;
				CODE_SIGN_STYLE = Automatic;
				DEVELOPMENT_TEAM = 979WE2JCPD;
				INFOPLIST_FILE = EyYo/Info.plist;
				LD_RUNPATH_SEARCH_PATHS = "$(inherited) @executable_path/Frameworks";
				PRODUCT_BUNDLE_IDENTIFIER = com.stephenreyes.EyYo;
				PRODUCT_NAME = "$(TARGET_NAME)";
				SWIFT_OBJC_BRIDGING_HEADER = "EyYo/Supporting Files/EyYo-Bridging-Header.h";
				SWIFT_OPTIMIZATION_LEVEL = "-Onone";
				SWIFT_VERSION = 4.0;
				TARGETED_DEVICE_FAMILY = "1,2";
			};
			name = Debug;
		};
		4AC91E3C209E985D00A50893 /* Release */ = {
			isa = XCBuildConfiguration;
			baseConfigurationReference = 0BA3325A81480734929D3ACE /* Pods-EyYo.release.xcconfig */;
			buildSettings = {
				ASSETCATALOG_COMPILER_APPICON_NAME = AppIcon;
				CLANG_ENABLE_MODULES = YES;
				CODE_SIGN_STYLE = Automatic;
				DEVELOPMENT_TEAM = 979WE2JCPD;
				INFOPLIST_FILE = EyYo/Info.plist;
				LD_RUNPATH_SEARCH_PATHS = "$(inherited) @executable_path/Frameworks";
				PRODUCT_BUNDLE_IDENTIFIER = com.stephenreyes.EyYo;
				PRODUCT_NAME = "$(TARGET_NAME)";
				SWIFT_OBJC_BRIDGING_HEADER = "EyYo/Supporting Files/EyYo-Bridging-Header.h";
				SWIFT_VERSION = 4.0;
				TARGETED_DEVICE_FAMILY = "1,2";
			};
			name = Release;
		};
/* End XCBuildConfiguration section */

/* Begin XCConfigurationList section */
		4AC91E23209E985D00A50893 /* Build configuration list for PBXProject "EyYo" */ = {
			isa = XCConfigurationList;
			buildConfigurations = (
				4AC91E38209E985D00A50893 /* Debug */,
				4AC91E39209E985D00A50893 /* Release */,
			);
			defaultConfigurationIsVisible = 0;
			defaultConfigurationName = Release;
		};
		4AC91E3A209E985D00A50893 /* Build configuration list for PBXNativeTarget "EyYo" */ = {
			isa = XCConfigurationList;
			buildConfigurations = (
				4AC91E3B209E985D00A50893 /* Debug */,
				4AC91E3C209E985D00A50893 /* Release */,
			);
			defaultConfigurationIsVisible = 0;
			defaultConfigurationName = Release;
		};
/* End XCConfigurationList section */
	};
	rootObject = 4AC91E20209E985D00A50893 /* Project object */;
}
